
Microsoft Visual Studio Solution File, Format Version 12.00
# Visual Studio Version 17
VisualStudioVersion = 17.0.31903.59
MinimumVisualStudioVersion = 10.0.40219.1
Project("{FAE04EC0-301F-11D3-BF4B-00C04F79EFBC}") = "EcoBytes", "src\EcoBytes\EcoBytes.csproj", "{D1F8716F-0B1B-4460-AD20-6A676B6CF315}"
EndProject
Project("{2150E333-8FDC-42A3-9474-1A3956D46DE8}") = "u4", "u4", "{4DC44339-4C2D-4A4A-B635-10940D1A56C2}"
EndProject
Project("{FAE04EC0-301F-11D3-BF4B-00C04F79EFBC}") = "u4.Core", "lib\u4\src\u4.Core\u4.Core.csproj", "{AA4FAE14-B4EB-4925-8541-E961CBC7C4FF}"
EndProject
Project("{FAE04EC0-301F-11D3-BF4B-00C04F79EFBC}") = "u4.Math", "lib\u4\src\u4.Math\u4.Math.csproj", "{CD8DBDC0-767B-4EE4-82A4-6F75EF394039}"
EndProject
Project("{FAE04EC0-301F-11D3-BF4B-00C04F79EFBC}") = "u4.Render", "lib\u4\src\u4.Render\u4.Render.csproj", "{30D69383-8A05-4B1E-9B1F-C2DC867E8F98}"
EndProject
Project("{FAE04EC0-301F-11D3-BF4B-00C04F79EFBC}") = "u4.Engine", "lib\u4\src\u4.Engine\u4.Engine.csproj", "{4CDF482C-E411-4820-9D11-F4BC79772E60}"
EndProject
Project("{FAE04EC0-301F-11D3-BF4B-00C04F79EFBC}") = "u4.Audio", "lib\u4\src\u4.Audio\u4.Audio.csproj", "{4F3569A2-FAED-4B69-A366-FF6454A7B5AC}"
EndProject
Global
	GlobalSection(SolutionConfigurationPlatforms) = preSolution
		Debug|Any CPU = Debug|Any CPU
		Release|Any CPU = Release|Any CPU
	EndGlobalSection
	GlobalSection(SolutionProperties) = preSolution
		HideSolutionNode = FALSE
	EndGlobalSection
	GlobalSection(ProjectConfigurationPlatforms) = postSolution
		{D1F8716F-0B1B-4460-AD20-6A676B6CF315}.Debug|Any CPU.ActiveCfg = Debug|Any CPU
		{D1F8716F-0B1B-4460-AD20-6A676B6CF315}.Debug|Any CPU.Build.0 = Debug|Any CPU
		{D1F8716F-0B1B-4460-AD20-6A676B6CF315}.Release|Any CPU.ActiveCfg = Release|Any CPU
		{D1F8716F-0B1B-4460-AD20-6A676B6CF315}.Release|Any CPU.Build.0 = Release|Any CPU
		{AA4FAE14-B4EB-4925-8541-E961CBC7C4FF}.Debug|Any CPU.ActiveCfg = Debug|Any CPU
		{AA4FAE14-B4EB-4925-8541-E961CBC7C4FF}.Debug|Any CPU.Build.0 = Debug|Any CPU
		{AA4FAE14-B4EB-4925-8541-E961CBC7C4FF}.Release|Any CPU.ActiveCfg = Release|Any CPU
		{AA4FAE14-B4EB-4925-8541-E961CBC7C4FF}.Release|Any CPU.Build.0 = Release|Any CPU
		{CD8DBDC0-767B-4EE4-82A4-6F75EF394039}.Debug|Any CPU.ActiveCfg = Debug|Any CPU
		{CD8DBDC0-767B-4EE4-82A4-6F75EF394039}.Debug|Any CPU.Build.0 = Debug|Any CPU
		{CD8DBDC0-767B-4EE4-82A4-6F75EF394039}.Release|Any CPU.ActiveCfg = Release|Any CPU
		{CD8DBDC0-767B-4EE4-82A4-6F75EF394039}.Release|Any CPU.Build.0 = Release|Any CPU
		{30D69383-8A05-4B1E-9B1F-C2DC867E8F98}.Debug|Any CPU.ActiveCfg = Debug|Any CPU
		{30D69383-8A05-4B1E-9B1F-C2DC867E8F98}.Debug|Any CPU.Build.0 = Debug|Any CPU
		{30D69383-8A05-4B1E-9B1F-C2DC867E8F98}.Release|Any CPU.ActiveCfg = Release|Any CPU
		{30D69383-8A05-4B1E-9B1F-C2DC867E8F98}.Release|Any CPU.Build.0 = Release|Any CPU
		{4CDF482C-E411-4820-9D11-F4BC79772E60}.Debug|Any CPU.ActiveCfg = Debug|Any CPU
		{4CDF482C-E411-4820-9D11-F4BC79772E60}.Debug|Any CPU.Build.0 = Debug|Any CPU
		{4CDF482C-E411-4820-9D11-F4BC79772E60}.Release|Any CPU.ActiveCfg = Release|Any CPU
		{4CDF482C-E411-4820-9D11-F4BC79772E60}.Release|Any CPU.Build.0 = Release|Any CPU
		{4F3569A2-FAED-4B69-A366-FF6454A7B5AC}.Debug|Any CPU.ActiveCfg = Debug|Any CPU
		{4F3569A2-FAED-4B69-A366-FF6454A7B5AC}.Debug|Any CPU.Build.0 = Debug|Any CPU
		{4F3569A2-FAED-4B69-A366-FF6454A7B5AC}.Release|Any CPU.ActiveCfg = Release|Any CPU
		{4F3569A2-FAED-4B69-A366-FF6454A7B5AC}.Release|Any CPU.Build.0 = Release|Any CPU
	EndGlobalSection
	GlobalSection(NestedProjects) = preSolution
		{D1A22B69-DD90-4073-90A6-0E91BF77B13C} = {4DC44339-4C2D-4A4A-B635-10940D1A56C2}
		{AA4FAE14-B4EB-4925-8541-E961CBC7C4FF} = {4DC44339-4C2D-4A4A-B635-10940D1A56C2}
		{CD8DBDC0-767B-4EE4-82A4-6F75EF394039} = {4DC44339-4C2D-4A4A-B635-10940D1A56C2}
		{30D69383-8A05-4B1E-9B1F-C2DC867E8F98} = {4DC44339-4C2D-4A4A-B635-10940D1A56C2}
		{4CDF482C-E411-4820-9D11-F4BC79772E60} = {4DC44339-4C2D-4A4A-B635-10940D1A56C2}
		{4F3569A2-FAED-4B69-A366-FF6454A7B5AC} = {4DC44339-4C2D-4A4A-B635-10940D1A56C2}
	EndGlobalSection
EndGlobal
